// !$*UTF8*$!
{
	archiveVersion = 1;
	classes = {
	};
	objectVersion = 50;
	objects = {

/* Begin PBXBuildFile section */
		0112476925EBC0B9006B438F /* HDMIAudio.kext in Resources */ = {isa = PBXBuildFile; fileRef = 0112476725EBC0B6006B438F /* HDMIAudio.kext */; };
		0112476A25EBC0B9006B438F /* HDMIAudio.kext in Resources */ = {isa = PBXBuildFile; fileRef = 0112476725EBC0B6006B438F /* HDMIAudio.kext */; };
		0112476B25EBC0B9006B438F /* IOHIDFamily.kext in Resources */ = {isa = PBXBuildFile; fileRef = 0112476825EBC0B8006B438F /* IOHIDFamily.kext */; };
		0112476C25EBC0B9006B438F /* IOHIDFamily.kext in Resources */ = {isa = PBXBuildFile; fileRef = 0112476825EBC0B8006B438F /* IOHIDFamily.kext */; };
		012FF2CD25CAC45B00096810 /* BestHax.dylib in Resources */ = {isa = PBXBuildFile; fileRef = 012FF2CC25CAC45A00096810 /* BestHax.dylib */; };
		012FF2D025CAF02500096810 /* HedgehogInstallToMachine.m in Sources */ = {isa = PBXBuildFile; fileRef = 012FF2CF25CAF02500096810 /* HedgehogInstallToMachine.m */; };
		012FF2D225CAF04D00096810 /* HedgehogInstallToMachine.xib in Resources */ = {isa = PBXBuildFile; fileRef = 012FF2D125CAF04C00096810 /* HedgehogInstallToMachine.xib */; };
		0130A307259F7F4400C52E2D /* BigSur.tiff in Resources */ = {isa = PBXBuildFile; fileRef = 0148D362259856170012A659 /* BigSur.tiff */; };
		0130A308259F7F4D00C52E2D /* arrowbutton.tiff in Resources */ = {isa = PBXBuildFile; fileRef = 0148D35B25983DAE0012A659 /* arrowbutton.tiff */; };
		0130A30A259FFB4C00C52E2D /* postautomator.sh in Resources */ = {isa = PBXBuildFile; fileRef = 0130A309259FFB4B00C52E2D /* postautomator.sh */; };
		0130A30B25A0023200C52E2D /* PostAutomator.app in Resources */ = {isa = PBXBuildFile; fileRef = 01BC36A2259A8D1500EB57AB /* PostAutomator.app */; };
		0130A31325A0296D00C52E2D /* Utilities.plist in Resources */ = {isa = PBXBuildFile; fileRef = 0130A31225A0296C00C52E2D /* Utilities.plist */; };
		0130CE69259F431D00334CC7 /* success.png in Resources */ = {isa = PBXBuildFile; fileRef = 0130CE68259F431C00334CC7 /* success.png */; };
		0130CE6D259F433200334CC7 /* HedgehogSuccessView.m in Sources */ = {isa = PBXBuildFile; fileRef = 0130CE6B259F433200334CC7 /* HedgehogSuccessView.m */; };
		0130CE6E259F433200334CC7 /* HedgehogSuccessView.xib in Resources */ = {isa = PBXBuildFile; fileRef = 0130CE6C259F433200334CC7 /* HedgehogSuccessView.xib */; };
		0130CE70259F438300334CC7 /* restart.tiff in Resources */ = {isa = PBXBuildFile; fileRef = 0130CE6F259F438300334CC7 /* restart.tiff */; };
		0148D3432598371E0012A659 /* AppDelegate.m in Sources */ = {isa = PBXBuildFile; fileRef = 0148D3422598371E0012A659 /* AppDelegate.m */; };
		0148D345259837220012A659 /* Assets.xcassets in Resources */ = {isa = PBXBuildFile; fileRef = 0148D344259837220012A659 /* Assets.xcassets */; };
		0148D348259837220012A659 /* MainMenu.xib in Resources */ = {isa = PBXBuildFile; fileRef = 0148D346259837220012A659 /* MainMenu.xib */; };
		0148D34B259837220012A659 /* main.m in Sources */ = {isa = PBXBuildFile; fileRef = 0148D34A259837220012A659 /* main.m */; };
		0148D35C25983DAE0012A659 /* arrowbutton.tiff in Resources */ = {isa = PBXBuildFile; fileRef = 0148D35B25983DAE0012A659 /* arrowbutton.tiff */; };
		0148D35E259843EE0012A659 /* forward.png in Resources */ = {isa = PBXBuildFile; fileRef = 0148D35D259843ED0012A659 /* forward.png */; };
		0148D364259856180012A659 /* BigSur.tiff in Resources */ = {isa = PBXBuildFile; fileRef = 0148D362259856170012A659 /* BigSur.tiff */; };
		0148D365259856180012A659 /* Internal.tiff in Resources */ = {isa = PBXBuildFile; fileRef = 0148D363259856180012A659 /* Internal.tiff */; };
		0148D36E259857920012A659 /* HedgehogViewController.m in Sources */ = {isa = PBXBuildFile; fileRef = 0148D36C259857920012A659 /* HedgehogViewController.m */; };
		0148D36F259857920012A659 /* HedgehogViewController.xib in Resources */ = {isa = PBXBuildFile; fileRef = 0148D36D259857920012A659 /* HedgehogViewController.xib */; };
		0148D37325985A8C0012A659 /* HedgehogPatchUSB.m in Sources */ = {isa = PBXBuildFile; fileRef = 0148D37125985A8C0012A659 /* HedgehogPatchUSB.m */; };
		0148D37425985A8C0012A659 /* HedgehogPatchUSB.xib in Resources */ = {isa = PBXBuildFile; fileRef = 0148D37225985A8C0012A659 /* HedgehogPatchUSB.xib */; };
		0148D3782598601E0012A659 /* HedgehogInstallerApp.m in Sources */ = {isa = PBXBuildFile; fileRef = 0148D3762598601E0012A659 /* HedgehogInstallerApp.m */; };
		0148D3792598601E0012A659 /* HedgehogInstallerApp.xib in Resources */ = {isa = PBXBuildFile; fileRef = 0148D3772598601E0012A659 /* HedgehogInstallerApp.xib */; };
		0148D37C2598621E0012A659 /* Folder.tiff in Resources */ = {isa = PBXBuildFile; fileRef = 0148D37A2598621D0012A659 /* Folder.tiff */; };
		0148D37D2598621E0012A659 /* Download.tiff in Resources */ = {isa = PBXBuildFile; fileRef = 0148D37B2598621E0012A659 /* Download.tiff */; };
		0148D381259863490012A659 /* HedgehogChooseVolume.m in Sources */ = {isa = PBXBuildFile; fileRef = 0148D37F259863490012A659 /* HedgehogChooseVolume.m */; };
		0148D382259863490012A659 /* HedgehogChooseVolume.xib in Resources */ = {isa = PBXBuildFile; fileRef = 0148D380259863490012A659 /* HedgehogChooseVolume.xib */; };
		0148D384259864F90012A659 /* Removable.tiff in Resources */ = {isa = PBXBuildFile; fileRef = 0148D383259864F90012A659 /* Removable.tiff */; };
		0148D3862598662E0012A659 /* BigSurInstall.tiff in Resources */ = {isa = PBXBuildFile; fileRef = 0148D3852598662E0012A659 /* BigSurInstall.tiff */; };
		015448F925A4C60400613AF6 /* HedgehogPatchOptions.m in Sources */ = {isa = PBXBuildFile; fileRef = 015448F725A4C60400613AF6 /* HedgehogPatchOptions.m */; };
		015448FA25A4C60400613AF6 /* HedgehogPatchOptions.xib in Resources */ = {isa = PBXBuildFile; fileRef = 015448F825A4C60400613AF6 /* HedgehogPatchOptions.xib */; };
		01555E7325EB78F700728D2B /* OfficialSupportedMacs.plist in Resources */ = {isa = PBXBuildFile; fileRef = 01BE279C25DFD2210044DB7F /* OfficialSupportedMacs.plist */; };
		016569E225DBBC2200E05DB4 /* HedgehogToMachineSuccess.m in Sources */ = {isa = PBXBuildFile; fileRef = 016569E025DBBC2200E05DB4 /* HedgehogToMachineSuccess.m */; };
		016569E325DBBC2200E05DB4 /* HedgehogToMachineSuccess.xib in Resources */ = {isa = PBXBuildFile; fileRef = 016569E125DBBC2200E05DB4 /* HedgehogToMachineSuccess.xib */; };
		016569E725DBBC4C00E05DB4 /* HedgehogDiskImageSuccess.m in Sources */ = {isa = PBXBuildFile; fileRef = 016569E525DBBC4C00E05DB4 /* HedgehogDiskImageSuccess.m */; };
		016569E825DBBC4C00E05DB4 /* HedgehogDiskImageSuccess.xib in Resources */ = {isa = PBXBuildFile; fileRef = 016569E625DBBC4C00E05DB4 /* HedgehogDiskImageSuccess.xib */; };
		016569EC25DBF61C00E05DB4 /* windows.png in Resources */ = {isa = PBXBuildFile; fileRef = 016569EB25DBF61C00E05DB4 /* windows.png */; };
		016569EE25DBF65E00E05DB4 /* linux.png in Resources */ = {isa = PBXBuildFile; fileRef = 016569ED25DBF65E00E05DB4 /* linux.png */; };
		016AA0B825D8B69500A8A918 /* patch-kexts.sh in Resources */ = {isa = PBXBuildFile; fileRef = 016AA0B725D8B69500A8A918 /* patch-kexts.sh */; };
		0193641C2598AAAF0042CC75 /* arrowbuttonLeft.tiff in Resources */ = {isa = PBXBuildFile; fileRef = 0193641B2598AAAF0042CC75 /* arrowbuttonLeft.tiff */; };
		01AC0E5025A9EBB0009FBD67 /* diskimage.sh in Resources */ = {isa = PBXBuildFile; fileRef = 01AC0E4F25A9EBB0009FBD67 /* diskimage.sh */; };
		01AC0E5425A9EC01009FBD67 /* AppDelegate.m in Sources */ = {isa = PBXBuildFile; fileRef = 01BC36A5259A8D1500EB57AB /* AppDelegate.m */; };
		01BC36A8259A8D1A00EB57AB /* Assets.xcassets in Resources */ = {isa = PBXBuildFile; fileRef = 01BC36A7259A8D1A00EB57AB /* Assets.xcassets */; };
		01BC36AB259A8D1A00EB57AB /* MainMenu.xib in Resources */ = {isa = PBXBuildFile; fileRef = 01BC36A9259A8D1A00EB57AB /* MainMenu.xib */; };
		01BC36AE259A8D1A00EB57AB /* main.m in Sources */ = {isa = PBXBuildFile; fileRef = 01BC36AD259A8D1A00EB57AB /* main.m */; };
		01BE279D25DFD2210044DB7F /* OfficialSupportedMacs.plist in Resources */ = {isa = PBXBuildFile; fileRef = 01BE279C25DFD2210044DB7F /* OfficialSupportedMacs.plist */; };
		01E3325C25C67CDA0048F9F8 /* installtomachine.sh in Resources */ = {isa = PBXBuildFile; fileRef = 01E3325B25C67CDA0048F9F8 /* installtomachine.sh */; };
		01F67D9325A4CA01000193DA /* CreateISO.tiff in Resources */ = {isa = PBXBuildFile; fileRef = 01F67D9125A4CA01000193DA /* CreateISO.tiff */; };
		01F67D9525A4CBD9000193DA /* External.tiff in Resources */ = {isa = PBXBuildFile; fileRef = 01F67D9425A4CBD9000193DA /* External.tiff */; };
		01F67D9725A54A22000193DA /* Network.tiff in Resources */ = {isa = PBXBuildFile; fileRef = 01F67D9625A54A22000193DA /* Network.tiff */; };
		01F67D9F25A754F5000193DA /* payload in Resources */ = {isa = PBXBuildFile; fileRef = 01F67D9E25A754F5000193DA /* payload */; };
		01F67DA325A8A74A000193DA /* HedgehogCreateDiskImage.m in Sources */ = {isa = PBXBuildFile; fileRef = 01F67DA125A8A74A000193DA /* HedgehogCreateDiskImage.m */; };
		01F67DA425A8A74A000193DA /* HedgehogCreateDiskImage.xib in Resources */ = {isa = PBXBuildFile; fileRef = 01F67DA225A8A74A000193DA /* HedgehogCreateDiskImage.xib */; };
		01FDD2662599AFEE00EF2D41 /* HedgehogDownloadInstaller.m in Sources */ = {isa = PBXBuildFile; fileRef = 01FDD2642599AFEE00EF2D41 /* HedgehogDownloadInstaller.m */; };
		01FDD2672599AFEE00EF2D41 /* HedgehogDownloadInstaller.xib in Resources */ = {isa = PBXBuildFile; fileRef = 01FDD2652599AFEE00EF2D41 /* HedgehogDownloadInstaller.xib */; };
		01FDD2692599B84100EF2D41 /* Installer.tiff in Resources */ = {isa = PBXBuildFile; fileRef = 01FDD2682599B84100EF2D41 /* Installer.tiff */; };
		01FDD26F2599F25800EF2D41 /* Hedgehog_Boot.icns in Resources */ = {isa = PBXBuildFile; fileRef = 01FDD26A2599F25300EF2D41 /* Hedgehog_Boot.icns */; };
		01FDD2712599F25800EF2D41 /* boot.efi in Resources */ = {isa = PBXBuildFile; fileRef = 01FDD26C2599F25600EF2D41 /* boot.efi */; };
		01FDD2792599FB8B00EF2D41 /* automator.sh in Resources */ = {isa = PBXBuildFile; fileRef = 01FDD2782599FB8B00EF2D41 /* automator.sh */; };
/* End PBXBuildFile section */

/* Begin PBXFileReference section */
		0112476725EBC0B6006B438F /* HDMIAudio.kext */ = {isa = PBXFileReference; lastKnownFileType = "wrapper.kernel-extension"; path = HDMIAudio.kext; sourceTree = "<group>"; };
		0112476825EBC0B8006B438F /* IOHIDFamily.kext */ = {isa = PBXFileReference; lastKnownFileType = "wrapper.kernel-extension"; path = IOHIDFamily.kext; sourceTree = "<group>"; };
		012FF2CC25CAC45A00096810 /* BestHax.dylib */ = {isa = PBXFileReference; lastKnownFileType = "compiled.mach-o.dylib"; path = BestHax.dylib; sourceTree = "<group>"; };
		012FF2CE25CAF02500096810 /* HedgehogInstallToMachine.h */ = {isa = PBXFileReference; fileEncoding = 4; lastKnownFileType = sourcecode.c.h; path = HedgehogInstallToMachine.h; sourceTree = "<group>"; };
		012FF2CF25CAF02500096810 /* HedgehogInstallToMachine.m */ = {isa = PBXFileReference; fileEncoding = 4; lastKnownFileType = sourcecode.c.objc; path = HedgehogInstallToMachine.m; sourceTree = "<group>"; };
		012FF2D125CAF04C00096810 /* HedgehogInstallToMachine.xib */ = {isa = PBXFileReference; fileEncoding = 4; lastKnownFileType = file.xib; path = HedgehogInstallToMachine.xib; sourceTree = "<group>"; };
		0130A309259FFB4B00C52E2D /* postautomator.sh */ = {isa = PBXFileReference; fileEncoding = 4; lastKnownFileType = text.script.sh; path = postautomator.sh; sourceTree = "<group>"; };
		0130A31225A0296C00C52E2D /* Utilities.plist */ = {isa = PBXFileReference; fileEncoding = 4; lastKnownFileType = text.plist.xml; path = Utilities.plist; sourceTree = "<group>"; };
		0130CE68259F431C00334CC7 /* success.png */ = {isa = PBXFileReference; lastKnownFileType = image.png; path = success.png; sourceTree = "<group>"; };
		0130CE6A259F433200334CC7 /* HedgehogSuccessView.h */ = {isa = PBXFileReference; lastKnownFileType = sourcecode.c.h; path = HedgehogSuccessView.h; sourceTree = "<group>"; };
		0130CE6B259F433200334CC7 /* HedgehogSuccessView.m */ = {isa = PBXFileReference; lastKnownFileType = sourcecode.c.objc; path = HedgehogSuccessView.m; sourceTree = "<group>"; };
		0130CE6C259F433200334CC7 /* HedgehogSuccessView.xib */ = {isa = PBXFileReference; lastKnownFileType = file.xib; path = HedgehogSuccessView.xib; sourceTree = "<group>"; };
		0130CE6F259F438300334CC7 /* restart.tiff */ = {isa = PBXFileReference; lastKnownFileType = image.tiff; path = restart.tiff; sourceTree = "<group>"; };
		0148D33E2598371E0012A659 /* Big Hedge.app */ = {isa = PBXFileReference; explicitFileType = wrapper.application; includeInIndex = 0; path = "Big Hedge.app"; sourceTree = BUILT_PRODUCTS_DIR; };
		0148D3412598371E0012A659 /* AppDelegate.h */ = {isa = PBXFileReference; lastKnownFileType = sourcecode.c.h; path = AppDelegate.h; sourceTree = "<group>"; };
		0148D3422598371E0012A659 /* AppDelegate.m */ = {isa = PBXFileReference; lastKnownFileType = sourcecode.c.objc; path = AppDelegate.m; sourceTree = "<group>"; };
		0148D344259837220012A659 /* Assets.xcassets */ = {isa = PBXFileReference; lastKnownFileType = folder.assetcatalog; path = Assets.xcassets; sourceTree = "<group>"; };
		0148D347259837220012A659 /* Base */ = {isa = PBXFileReference; lastKnownFileType = file.xib; name = Base; path = Base.lproj/MainMenu.xib; sourceTree = "<group>"; };
		0148D349259837220012A659 /* Info.plist */ = {isa = PBXFileReference; lastKnownFileType = text.plist.xml; path = Info.plist; sourceTree = "<group>"; };
		0148D34A259837220012A659 /* main.m */ = {isa = PBXFileReference; lastKnownFileType = sourcecode.c.objc; path = main.m; sourceTree = "<group>"; };
		0148D35B25983DAE0012A659 /* arrowbutton.tiff */ = {isa = PBXFileReference; lastKnownFileType = image.tiff; path = arrowbutton.tiff; sourceTree = "<group>"; };
		0148D35D259843ED0012A659 /* forward.png */ = {isa = PBXFileReference; lastKnownFileType = image.png; path = forward.png; sourceTree = "<group>"; };
		0148D362259856170012A659 /* BigSur.tiff */ = {isa = PBXFileReference; lastKnownFileType = image.tiff; path = BigSur.tiff; sourceTree = "<group>"; };
		0148D363259856180012A659 /* Internal.tiff */ = {isa = PBXFileReference; lastKnownFileType = image.tiff; path = Internal.tiff; sourceTree = "<group>"; };
		0148D36B259857920012A659 /* HedgehogViewController.h */ = {isa = PBXFileReference; lastKnownFileType = sourcecode.c.h; path = HedgehogViewController.h; sourceTree = "<group>"; };
		0148D36C259857920012A659 /* HedgehogViewController.m */ = {isa = PBXFileReference; lastKnownFileType = sourcecode.c.objc; path = HedgehogViewController.m; sourceTree = "<group>"; };
		0148D36D259857920012A659 /* HedgehogViewController.xib */ = {isa = PBXFileReference; lastKnownFileType = file.xib; path = HedgehogViewController.xib; sourceTree = "<group>"; };
		0148D37025985A8C0012A659 /* HedgehogPatchUSB.h */ = {isa = PBXFileReference; lastKnownFileType = sourcecode.c.h; path = HedgehogPatchUSB.h; sourceTree = "<group>"; };
		0148D37125985A8C0012A659 /* HedgehogPatchUSB.m */ = {isa = PBXFileReference; lastKnownFileType = sourcecode.c.objc; path = HedgehogPatchUSB.m; sourceTree = "<group>"; };
		0148D37225985A8C0012A659 /* HedgehogPatchUSB.xib */ = {isa = PBXFileReference; lastKnownFileType = file.xib; path = HedgehogPatchUSB.xib; sourceTree = "<group>"; };
		0148D3752598601E0012A659 /* HedgehogInstallerApp.h */ = {isa = PBXFileReference; lastKnownFileType = sourcecode.c.h; path = HedgehogInstallerApp.h; sourceTree = "<group>"; };
		0148D3762598601E0012A659 /* HedgehogInstallerApp.m */ = {isa = PBXFileReference; lastKnownFileType = sourcecode.c.objc; path = HedgehogInstallerApp.m; sourceTree = "<group>"; };
		0148D3772598601E0012A659 /* HedgehogInstallerApp.xib */ = {isa = PBXFileReference; lastKnownFileType = file.xib; path = HedgehogInstallerApp.xib; sourceTree = "<group>"; };
		0148D37A2598621D0012A659 /* Folder.tiff */ = {isa = PBXFileReference; lastKnownFileType = image.tiff; path = Folder.tiff; sourceTree = "<group>"; };
		0148D37B2598621E0012A659 /* Download.tiff */ = {isa = PBXFileReference; lastKnownFileType = image.tiff; path = Download.tiff; sourceTree = "<group>"; };
		0148D37E259863490012A659 /* HedgehogChooseVolume.h */ = {isa = PBXFileReference; lastKnownFileType = sourcecode.c.h; path = HedgehogChooseVolume.h; sourceTree = "<group>"; };
		0148D37F259863490012A659 /* HedgehogChooseVolume.m */ = {isa = PBXFileReference; lastKnownFileType = sourcecode.c.objc; path = HedgehogChooseVolume.m; sourceTree = "<group>"; };
		0148D380259863490012A659 /* HedgehogChooseVolume.xib */ = {isa = PBXFileReference; lastKnownFileType = file.xib; path = HedgehogChooseVolume.xib; sourceTree = "<group>"; };
		0148D383259864F90012A659 /* Removable.tiff */ = {isa = PBXFileReference; lastKnownFileType = image.tiff; path = Removable.tiff; sourceTree = "<group>"; };
		0148D3852598662E0012A659 /* BigSurInstall.tiff */ = {isa = PBXFileReference; lastKnownFileType = image.tiff; path = BigSurInstall.tiff; sourceTree = "<group>"; };
		015448F625A4C60400613AF6 /* HedgehogPatchOptions.h */ = {isa = PBXFileReference; lastKnownFileType = sourcecode.c.h; path = HedgehogPatchOptions.h; sourceTree = "<group>"; };
		015448F725A4C60400613AF6 /* HedgehogPatchOptions.m */ = {isa = PBXFileReference; lastKnownFileType = sourcecode.c.objc; path = HedgehogPatchOptions.m; sourceTree = "<group>"; };
		015448F825A4C60400613AF6 /* HedgehogPatchOptions.xib */ = {isa = PBXFileReference; lastKnownFileType = file.xib; path = HedgehogPatchOptions.xib; sourceTree = "<group>"; };
		016569DF25DBBC2200E05DB4 /* HedgehogToMachineSuccess.h */ = {isa = PBXFileReference; lastKnownFileType = sourcecode.c.h; path = HedgehogToMachineSuccess.h; sourceTree = "<group>"; };
		016569E025DBBC2200E05DB4 /* HedgehogToMachineSuccess.m */ = {isa = PBXFileReference; lastKnownFileType = sourcecode.c.objc; path = HedgehogToMachineSuccess.m; sourceTree = "<group>"; };
		016569E125DBBC2200E05DB4 /* HedgehogToMachineSuccess.xib */ = {isa = PBXFileReference; lastKnownFileType = file.xib; path = HedgehogToMachineSuccess.xib; sourceTree = "<group>"; };
		016569E425DBBC4C00E05DB4 /* HedgehogDiskImageSuccess.h */ = {isa = PBXFileReference; lastKnownFileType = sourcecode.c.h; path = HedgehogDiskImageSuccess.h; sourceTree = "<group>"; };
		016569E525DBBC4C00E05DB4 /* HedgehogDiskImageSuccess.m */ = {isa = PBXFileReference; lastKnownFileType = sourcecode.c.objc; path = HedgehogDiskImageSuccess.m; sourceTree = "<group>"; };
		016569E625DBBC4C00E05DB4 /* HedgehogDiskImageSuccess.xib */ = {isa = PBXFileReference; lastKnownFileType = file.xib; path = HedgehogDiskImageSuccess.xib; sourceTree = "<group>"; };
		016569EB25DBF61C00E05DB4 /* windows.png */ = {isa = PBXFileReference; lastKnownFileType = image.png; path = windows.png; sourceTree = "<group>"; };
		016569ED25DBF65E00E05DB4 /* linux.png */ = {isa = PBXFileReference; lastKnownFileType = image.png; path = linux.png; sourceTree = "<group>"; };
		016AA0B725D8B69500A8A918 /* patch-kexts.sh */ = {isa = PBXFileReference; fileEncoding = 4; lastKnownFileType = text.script.sh; path = "patch-kexts.sh"; sourceTree = "<group>"; };
		0193641B2598AAAF0042CC75 /* arrowbuttonLeft.tiff */ = {isa = PBXFileReference; lastKnownFileType = image.tiff; path = arrowbuttonLeft.tiff; sourceTree = "<group>"; };
		01AC0E4F25A9EBB0009FBD67 /* diskimage.sh */ = {isa = PBXFileReference; lastKnownFileType = text.script.sh; path = diskimage.sh; sourceTree = "<group>"; };
		01BC36A2259A8D1500EB57AB /* PostAutomator.app */ = {isa = PBXFileReference; explicitFileType = wrapper.application; includeInIndex = 0; path = PostAutomator.app; sourceTree = BUILT_PRODUCTS_DIR; };
		01BC36A4259A8D1500EB57AB /* AppDelegate.h */ = {isa = PBXFileReference; lastKnownFileType = sourcecode.c.h; path = AppDelegate.h; sourceTree = "<group>"; };
		01BC36A5259A8D1500EB57AB /* AppDelegate.m */ = {isa = PBXFileReference; lastKnownFileType = sourcecode.c.objc; path = AppDelegate.m; sourceTree = "<group>"; };
		01BC36A7259A8D1A00EB57AB /* Assets.xcassets */ = {isa = PBXFileReference; lastKnownFileType = folder.assetcatalog; path = Assets.xcassets; sourceTree = "<group>"; };
		01BC36AA259A8D1A00EB57AB /* Base */ = {isa = PBXFileReference; lastKnownFileType = file.xib; name = Base; path = Base.lproj/MainMenu.xib; sourceTree = "<group>"; };
		01BC36AC259A8D1A00EB57AB /* Info.plist */ = {isa = PBXFileReference; lastKnownFileType = text.plist.xml; path = Info.plist; sourceTree = "<group>"; };
		01BC36AD259A8D1A00EB57AB /* main.m */ = {isa = PBXFileReference; lastKnownFileType = sourcecode.c.objc; path = main.m; sourceTree = "<group>"; };
		01BC36AF259A8D1A00EB57AB /* PostAutomator.entitlements */ = {isa = PBXFileReference; lastKnownFileType = text.plist.entitlements; path = PostAutomator.entitlements; sourceTree = "<group>"; };
		01BE279C25DFD2210044DB7F /* OfficialSupportedMacs.plist */ = {isa = PBXFileReference; fileEncoding = 4; lastKnownFileType = text.plist.xml; path = OfficialSupportedMacs.plist; sourceTree = "<group>"; };
		01E3325B25C67CDA0048F9F8 /* installtomachine.sh */ = {isa = PBXFileReference; lastKnownFileType = text.script.sh; path = installtomachine.sh; sourceTree = "<group>"; };
		01F67D9125A4CA01000193DA /* CreateISO.tiff */ = {isa = PBXFileReference; lastKnownFileType = image.tiff; path = CreateISO.tiff; sourceTree = "<group>"; };
		01F67D9425A4CBD9000193DA /* External.tiff */ = {isa = PBXFileReference; lastKnownFileType = image.tiff; path = External.tiff; sourceTree = "<group>"; };
		01F67D9625A54A22000193DA /* Network.tiff */ = {isa = PBXFileReference; lastKnownFileType = image.tiff; path = Network.tiff; sourceTree = "<group>"; };
		01F67D9E25A754F5000193DA /* payload */ = {isa = PBXFileReference; lastKnownFileType = file; path = payload; sourceTree = "<group>"; };
		01F67DA025A8A74A000193DA /* HedgehogCreateDiskImage.h */ = {isa = PBXFileReference; lastKnownFileType = sourcecode.c.h; path = HedgehogCreateDiskImage.h; sourceTree = "<group>"; };
		01F67DA125A8A74A000193DA /* HedgehogCreateDiskImage.m */ = {isa = PBXFileReference; lastKnownFileType = sourcecode.c.objc; path = HedgehogCreateDiskImage.m; sourceTree = "<group>"; };
		01F67DA225A8A74A000193DA /* HedgehogCreateDiskImage.xib */ = {isa = PBXFileReference; lastKnownFileType = file.xib; path = HedgehogCreateDiskImage.xib; sourceTree = "<group>"; };
		01FDD2632599AFEE00EF2D41 /* HedgehogDownloadInstaller.h */ = {isa = PBXFileReference; lastKnownFileType = sourcecode.c.h; path = HedgehogDownloadInstaller.h; sourceTree = "<group>"; };
		01FDD2642599AFEE00EF2D41 /* HedgehogDownloadInstaller.m */ = {isa = PBXFileReference; lastKnownFileType = sourcecode.c.objc; path = HedgehogDownloadInstaller.m; sourceTree = "<group>"; };
		01FDD2652599AFEE00EF2D41 /* HedgehogDownloadInstaller.xib */ = {isa = PBXFileReference; lastKnownFileType = file.xib; path = HedgehogDownloadInstaller.xib; sourceTree = "<group>"; };
		01FDD2682599B84100EF2D41 /* Installer.tiff */ = {isa = PBXFileReference; lastKnownFileType = image.tiff; path = Installer.tiff; sourceTree = "<group>"; };
		01FDD26A2599F25300EF2D41 /* Hedgehog_Boot.icns */ = {isa = PBXFileReference; lastKnownFileType = image.icns; path = Hedgehog_Boot.icns; sourceTree = "<group>"; };
		01FDD26C2599F25600EF2D41 /* boot.efi */ = {isa = PBXFileReference; lastKnownFileType = file; path = boot.efi; sourceTree = "<group>"; };
		01FDD2782599FB8B00EF2D41 /* automator.sh */ = {isa = PBXFileReference; fileEncoding = 4; lastKnownFileType = text.script.sh; path = automator.sh; sourceTree = "<group>"; };
/* End PBXFileReference section */

/* Begin PBXFrameworksBuildPhase section */
		0148D33B2598371E0012A659 /* Frameworks */ = {
			isa = PBXFrameworksBuildPhase;
			buildActionMask = 2147483647;
			files = (
			);
			runOnlyForDeploymentPostprocessing = 0;
		};
		01BC369F259A8D1500EB57AB /* Frameworks */ = {
			isa = PBXFrameworksBuildPhase;
			buildActionMask = 2147483647;
			files = (
			);
			runOnlyForDeploymentPostprocessing = 0;
		};
/* End PBXFrameworksBuildPhase section */

/* Begin PBXGroup section */
		0148D3352598371E0012A659 = {
			isa = PBXGroup;
			children = (
				0148D3402598371E0012A659 /* Big Hedge */,
				0193641F2598AEFA0042CC75 /* Resources */,
				01BC36A3259A8D1500EB57AB /* PostAutomator */,
				0148D33F2598371E0012A659 /* Products */,
				01AC0E5125A9EBC0009FBD67 /* Scripts */,
				01AC0E5225A9EBD3009FBD67 /* Patches */,
			);
			sourceTree = "<group>";
		};
		0148D33F2598371E0012A659 /* Products */ = {
			isa = PBXGroup;
			children = (
				0148D33E2598371E0012A659 /* Big Hedge.app */,
				01BC36A2259A8D1500EB57AB /* PostAutomator.app */,
			);
			name = Products;
			sourceTree = "<group>";
		};
		0148D3402598371E0012A659 /* Big Hedge */ = {
			isa = PBXGroup;
			children = (
				0148D3412598371E0012A659 /* AppDelegate.h */,
				0148D3422598371E0012A659 /* AppDelegate.m */,
				0148D36B259857920012A659 /* HedgehogViewController.h */,
				0148D36C259857920012A659 /* HedgehogViewController.m */,
				0148D3752598601E0012A659 /* HedgehogInstallerApp.h */,
				0148D3762598601E0012A659 /* HedgehogInstallerApp.m */,
				01FDD2632599AFEE00EF2D41 /* HedgehogDownloadInstaller.h */,
				01FDD2642599AFEE00EF2D41 /* HedgehogDownloadInstaller.m */,
				015448F625A4C60400613AF6 /* HedgehogPatchOptions.h */,
				015448F725A4C60400613AF6 /* HedgehogPatchOptions.m */,
				0148D37E259863490012A659 /* HedgehogChooseVolume.h */,
				0148D37F259863490012A659 /* HedgehogChooseVolume.m */,
				0130CE6A259F433200334CC7 /* HedgehogSuccessView.h */,
				0130CE6B259F433200334CC7 /* HedgehogSuccessView.m */,
				016569DF25DBBC2200E05DB4 /* HedgehogToMachineSuccess.h */,
				016569E025DBBC2200E05DB4 /* HedgehogToMachineSuccess.m */,
				016569E425DBBC4C00E05DB4 /* HedgehogDiskImageSuccess.h */,
				016569E525DBBC4C00E05DB4 /* HedgehogDiskImageSuccess.m */,
				01F67D9D25A5C477000193DA /* Installation Options */,
				0193641D2598AEC90042CC75 /* Views */,
				0148D34A259837220012A659 /* main.m */,
				0148D344259837220012A659 /* Assets.xcassets */,
				0148D349259837220012A659 /* Info.plist */,
			);
			path = "Big Hedge";
			sourceTree = "<group>";
		};
		0193641D2598AEC90042CC75 /* Views */ = {
			isa = PBXGroup;
			children = (
				0148D36D259857920012A659 /* HedgehogViewController.xib */,
				0148D3772598601E0012A659 /* HedgehogInstallerApp.xib */,
				01FDD2652599AFEE00EF2D41 /* HedgehogDownloadInstaller.xib */,
				015448F825A4C60400613AF6 /* HedgehogPatchOptions.xib */,
				0148D380259863490012A659 /* HedgehogChooseVolume.xib */,
				0148D37225985A8C0012A659 /* HedgehogPatchUSB.xib */,
				01F67DA225A8A74A000193DA /* HedgehogCreateDiskImage.xib */,
				012FF2D125CAF04C00096810 /* HedgehogInstallToMachine.xib */,
				0130CE6C259F433200334CC7 /* HedgehogSuccessView.xib */,
				016569E125DBBC2200E05DB4 /* HedgehogToMachineSuccess.xib */,
				016569E625DBBC4C00E05DB4 /* HedgehogDiskImageSuccess.xib */,
				0148D346259837220012A659 /* MainMenu.xib */,
			);
			path = Views;
			sourceTree = "<group>";
		};
		0193641F2598AEFA0042CC75 /* Resources */ = {
			isa = PBXGroup;
			children = (
				016569ED25DBF65E00E05DB4 /* linux.png */,
				01F67D9625A54A22000193DA /* Network.tiff */,
				016569EB25DBF61C00E05DB4 /* windows.png */,
				0130CE68259F431C00334CC7 /* success.png */,
				0130CE6F259F438300334CC7 /* restart.tiff */,
				01FDD2682599B84100EF2D41 /* Installer.tiff */,
				0148D35B25983DAE0012A659 /* arrowbutton.tiff */,
				0193641B2598AAAF0042CC75 /* arrowbuttonLeft.tiff */,
				0148D35D259843ED0012A659 /* forward.png */,
				0148D362259856170012A659 /* BigSur.tiff */,
				0148D363259856180012A659 /* Internal.tiff */,
				0148D37B2598621E0012A659 /* Download.tiff */,
				0148D37A2598621D0012A659 /* Folder.tiff */,
				01F67D9425A4CBD9000193DA /* External.tiff */,
				01F67D9125A4CA01000193DA /* CreateISO.tiff */,
				0148D383259864F90012A659 /* Removable.tiff */,
				0148D3852598662E0012A659 /* BigSurInstall.tiff */,
			);
			path = Resources;
			sourceTree = "<group>";
		};
		01AC0E5125A9EBC0009FBD67 /* Scripts */ = {
			isa = PBXGroup;
			children = (
				01FDD2782599FB8B00EF2D41 /* automator.sh */,
				01AC0E4F25A9EBB0009FBD67 /* diskimage.sh */,
				01E3325B25C67CDA0048F9F8 /* installtomachine.sh */,
			);
			name = Scripts;
			sourceTree = "<group>";
		};
		01AC0E5225A9EBD3009FBD67 /* Patches */ = {
			isa = PBXGroup;
			children = (
				01BE279C25DFD2210044DB7F /* OfficialSupportedMacs.plist */,
				012FF2CC25CAC45A00096810 /* BestHax.dylib */,
				0112476725EBC0B6006B438F /* HDMIAudio.kext */,
				0112476825EBC0B8006B438F /* IOHIDFamily.kext */,
				01F67D9E25A754F5000193DA /* payload */,
				0130A31225A0296C00C52E2D /* Utilities.plist */,
				01FDD26C2599F25600EF2D41 /* boot.efi */,
				01FDD26A2599F25300EF2D41 /* Hedgehog_Boot.icns */,
			);
			name = Patches;
			sourceTree = "<group>";
		};
		01BC36A3259A8D1500EB57AB /* PostAutomator */ = {
			isa = PBXGroup;
			children = (
				01BC36A5259A8D1500EB57AB /* AppDelegate.m */,
				01BC36A4259A8D1500EB57AB /* AppDelegate.h */,
				01BC36A7259A8D1A00EB57AB /* Assets.xcassets */,
				01BC36A9259A8D1A00EB57AB /* MainMenu.xib */,
				01BC36AC259A8D1A00EB57AB /* Info.plist */,
				01BC36AD259A8D1A00EB57AB /* main.m */,
				01BC36AF259A8D1A00EB57AB /* PostAutomator.entitlements */,
				0130A309259FFB4B00C52E2D /* postautomator.sh */,
				016AA0B725D8B69500A8A918 /* patch-kexts.sh */,
			);
			path = PostAutomator;
			sourceTree = "<group>";
		};
		01F67D9D25A5C477000193DA /* Installation Options */ = {
			isa = PBXGroup;
			children = (
				012FF2CE25CAF02500096810 /* HedgehogInstallToMachine.h */,
				012FF2CF25CAF02500096810 /* HedgehogInstallToMachine.m */,
				01F67DA025A8A74A000193DA /* HedgehogCreateDiskImage.h */,
				01F67DA125A8A74A000193DA /* HedgehogCreateDiskImage.m */,
				0148D37025985A8C0012A659 /* HedgehogPatchUSB.h */,
				0148D37125985A8C0012A659 /* HedgehogPatchUSB.m */,
			);
			name = "Installation Options";
			sourceTree = "<group>";
		};
/* End PBXGroup section */

/* Begin PBXNativeTarget section */
		0148D33D2598371E0012A659 /* Big Hedge */ = {
			isa = PBXNativeTarget;
			buildConfigurationList = 0148D34F259837220012A659 /* Build configuration list for PBXNativeTarget "Big Hedge" */;
			buildPhases = (
				0148D33A2598371E0012A659 /* Sources */,
				0148D33B2598371E0012A659 /* Frameworks */,
				0148D33C2598371E0012A659 /* Resources */,
			);
			buildRules = (
			);
			dependencies = (
			);
			name = "Big Hedge";
			productName = MicropatcherAutomator;
			productReference = 0148D33E2598371E0012A659 /* Big Hedge.app */;
			productType = "com.apple.product-type.application";
		};
		01BC36A1259A8D1500EB57AB /* PostAutomator */ = {
			isa = PBXNativeTarget;
			buildConfigurationList = 01BC36B2259A8D1A00EB57AB /* Build configuration list for PBXNativeTarget "PostAutomator" */;
			buildPhases = (
				01BC369E259A8D1500EB57AB /* Sources */,
				01BC369F259A8D1500EB57AB /* Frameworks */,
				01BC36A0259A8D1500EB57AB /* Resources */,
			);
			buildRules = (
			);
			dependencies = (
			);
			name = PostAutomator;
			productName = PostAutomator;
			productReference = 01BC36A2259A8D1500EB57AB /* PostAutomator.app */;
			productType = "com.apple.product-type.application";
		};
/* End PBXNativeTarget section */

/* Begin PBXProject section */
		0148D3362598371E0012A659 /* Project object */ = {
			isa = PBXProject;
			attributes = {
				LastUpgradeCheck = 1130;
				ORGANIZATIONNAME = MinhTon;
				TargetAttributes = {
					0148D33D2598371E0012A659 = {
						CreatedOnToolsVersion = 11.3.1;
					};
					01BC36A1259A8D1500EB57AB = {
						CreatedOnToolsVersion = 11.3.1;
					};
				};
			};
			buildConfigurationList = 0148D3392598371E0012A659 /* Build configuration list for PBXProject "Big Hedge" */;
			compatibilityVersion = "Xcode 9.3";
			developmentRegion = en;
			hasScannedForEncodings = 0;
			knownRegions = (
				en,
				Base,
			);
			mainGroup = 0148D3352598371E0012A659;
			productRefGroup = 0148D33F2598371E0012A659 /* Products */;
			projectDirPath = "";
			projectRoot = "";
			targets = (
				0148D33D2598371E0012A659 /* Big Hedge */,
				01BC36A1259A8D1500EB57AB /* PostAutomator */,
			);
		};
/* End PBXProject section */

/* Begin PBXResourcesBuildPhase section */
		0148D33C2598371E0012A659 /* Resources */ = {
			isa = PBXResourcesBuildPhase;
			buildActionMask = 2147483647;
			files = (
				0130A30B25A0023200C52E2D /* PostAutomator.app in Resources */,
				01BE279D25DFD2210044DB7F /* OfficialSupportedMacs.plist in Resources */,
				0130CE70259F438300334CC7 /* restart.tiff in Resources */,
				01FDD2672599AFEE00EF2D41 /* HedgehogDownloadInstaller.xib in Resources */,
				01FDD26F2599F25800EF2D41 /* Hedgehog_Boot.icns in Resources */,
				01FDD2712599F25800EF2D41 /* boot.efi in Resources */,
				0193641C2598AAAF0042CC75 /* arrowbuttonLeft.tiff in Resources */,
				0148D35E259843EE0012A659 /* forward.png in Resources */,
				0130CE69259F431D00334CC7 /* success.png in Resources */,
				0130A31325A0296D00C52E2D /* Utilities.plist in Resources */,
				01FDD2692599B84100EF2D41 /* Installer.tiff in Resources */,
				015448FA25A4C60400613AF6 /* HedgehogPatchOptions.xib in Resources */,
				0148D384259864F90012A659 /* Removable.tiff in Resources */,
				01F67D9525A4CBD9000193DA /* External.tiff in Resources */,
				0148D345259837220012A659 /* Assets.xcassets in Resources */,
				01F67DA425A8A74A000193DA /* HedgehogCreateDiskImage.xib in Resources */,
				0148D37425985A8C0012A659 /* HedgehogPatchUSB.xib in Resources */,
				0112476B25EBC0B9006B438F /* IOHIDFamily.kext in Resources */,
				0148D35C25983DAE0012A659 /* arrowbutton.tiff in Resources */,
				01F67D9F25A754F5000193DA /* payload in Resources */,
				01F67D9725A54A22000193DA /* Network.tiff in Resources */,
				0148D365259856180012A659 /* Internal.tiff in Resources */,
				01E3325C25C67CDA0048F9F8 /* installtomachine.sh in Resources */,
				016569EC25DBF61C00E05DB4 /* windows.png in Resources */,
				016569E325DBBC2200E05DB4 /* HedgehogToMachineSuccess.xib in Resources */,
				012FF2D225CAF04D00096810 /* HedgehogInstallToMachine.xib in Resources */,
				0148D37D2598621E0012A659 /* Download.tiff in Resources */,
				012FF2CD25CAC45B00096810 /* BestHax.dylib in Resources */,
				0148D36F259857920012A659 /* HedgehogViewController.xib in Resources */,
				0112476925EBC0B9006B438F /* HDMIAudio.kext in Resources */,
				0148D3862598662E0012A659 /* BigSurInstall.tiff in Resources */,
				01F67D9325A4CA01000193DA /* CreateISO.tiff in Resources */,
				0148D37C2598621E0012A659 /* Folder.tiff in Resources */,
				01FDD2792599FB8B00EF2D41 /* automator.sh in Resources */,
				0148D364259856180012A659 /* BigSur.tiff in Resources */,
				0148D382259863490012A659 /* HedgehogChooseVolume.xib in Resources */,
				0148D3792598601E0012A659 /* HedgehogInstallerApp.xib in Resources */,
				01AC0E5025A9EBB0009FBD67 /* diskimage.sh in Resources */,
				016569EE25DBF65E00E05DB4 /* linux.png in Resources */,
				016569E825DBBC4C00E05DB4 /* HedgehogDiskImageSuccess.xib in Resources */,
				0148D348259837220012A659 /* MainMenu.xib in Resources */,
				0130CE6E259F433200334CC7 /* HedgehogSuccessView.xib in Resources */,
			);
			runOnlyForDeploymentPostprocessing = 0;
		};
		01BC36A0259A8D1500EB57AB /* Resources */ = {
			isa = PBXResourcesBuildPhase;
			buildActionMask = 2147483647;
			files = (
				0130A308259F7F4D00C52E2D /* arrowbutton.tiff in Resources */,
				016AA0B825D8B69500A8A918 /* patch-kexts.sh in Resources */,
				0130A307259F7F4400C52E2D /* BigSur.tiff in Resources */,
				01555E7325EB78F700728D2B /* OfficialSupportedMacs.plist in Resources */,
				0112476A25EBC0B9006B438F /* HDMIAudio.kext in Resources */,
				01BC36A8259A8D1A00EB57AB /* Assets.xcassets in Resources */,
				0130A30A259FFB4C00C52E2D /* postautomator.sh in Resources */,
				01BC36AB259A8D1A00EB57AB /* MainMenu.xib in Resources */,
				0112476C25EBC0B9006B438F /* IOHIDFamily.kext in Resources */,
			);
			runOnlyForDeploymentPostprocessing = 0;
		};
/* End PBXResourcesBuildPhase section */

/* Begin PBXSourcesBuildPhase section */
		0148D33A2598371E0012A659 /* Sources */ = {
			isa = PBXSourcesBuildPhase;
			buildActionMask = 2147483647;
			files = (
				015448F925A4C60400613AF6 /* HedgehogPatchOptions.m in Sources */,
				0148D3782598601E0012A659 /* HedgehogInstallerApp.m in Sources */,
				01FDD2662599AFEE00EF2D41 /* HedgehogDownloadInstaller.m in Sources */,
				0148D34B259837220012A659 /* main.m in Sources */,
				0148D36E259857920012A659 /* HedgehogViewController.m in Sources */,
				016569E225DBBC2200E05DB4 /* HedgehogToMachineSuccess.m in Sources */,
				0148D37325985A8C0012A659 /* HedgehogPatchUSB.m in Sources */,
				0148D3432598371E0012A659 /* AppDelegate.m in Sources */,
				0148D381259863490012A659 /* HedgehogChooseVolume.m in Sources */,
				0130CE6D259F433200334CC7 /* HedgehogSuccessView.m in Sources */,
				01F67DA325A8A74A000193DA /* HedgehogCreateDiskImage.m in Sources */,
				016569E725DBBC4C00E05DB4 /* HedgehogDiskImageSuccess.m in Sources */,
				012FF2D025CAF02500096810 /* HedgehogInstallToMachine.m in Sources */,
			);
			runOnlyForDeploymentPostprocessing = 0;
		};
		01BC369E259A8D1500EB57AB /* Sources */ = {
			isa = PBXSourcesBuildPhase;
			buildActionMask = 2147483647;
			files = (
				01AC0E5425A9EC01009FBD67 /* AppDelegate.m in Sources */,
				01BC36AE259A8D1A00EB57AB /* main.m in Sources */,
			);
			runOnlyForDeploymentPostprocessing = 0;
		};
/* End PBXSourcesBuildPhase section */

/* Begin PBXVariantGroup section */
		0148D346259837220012A659 /* MainMenu.xib */ = {
			isa = PBXVariantGroup;
			children = (
				0148D347259837220012A659 /* Base */,
			);
			name = MainMenu.xib;
			sourceTree = "<group>";
		};
		01BC36A9259A8D1A00EB57AB /* MainMenu.xib */ = {
			isa = PBXVariantGroup;
			children = (
				01BC36AA259A8D1A00EB57AB /* Base */,
			);
			name = MainMenu.xib;
			sourceTree = "<group>";
		};
/* End PBXVariantGroup section */

/* Begin XCBuildConfiguration section */
		0148D34D259837220012A659 /* Debug */ = {
			isa = XCBuildConfiguration;
			buildSettings = {
				ALWAYS_SEARCH_USER_PATHS = NO;
				CLANG_ANALYZER_NONNULL = YES;
				CLANG_ANALYZER_NUMBER_OBJECT_CONVERSION = YES_AGGRESSIVE;
				CLANG_CXX_LANGUAGE_STANDARD = "gnu++14";
				CLANG_CXX_LIBRARY = "libc++";
				CLANG_ENABLE_MODULES = YES;
				CLANG_ENABLE_OBJC_ARC = YES;
				CLANG_ENABLE_OBJC_WEAK = YES;
				CLANG_WARN_BLOCK_CAPTURE_AUTORELEASING = YES;
				CLANG_WARN_BOOL_CONVERSION = YES;
				CLANG_WARN_COMMA = YES;
				CLANG_WARN_CONSTANT_CONVERSION = YES;
				CLANG_WARN_DEPRECATED_OBJC_IMPLEMENTATIONS = YES;
				CLANG_WARN_DIRECT_OBJC_ISA_USAGE = YES_ERROR;
				CLANG_WARN_DOCUMENTATION_COMMENTS = YES;
				CLANG_WARN_EMPTY_BODY = YES;
				CLANG_WARN_ENUM_CONVERSION = YES;
				CLANG_WARN_INFINITE_RECURSION = YES;
				CLANG_WARN_INT_CONVERSION = YES;
				CLANG_WARN_NON_LITERAL_NULL_CONVERSION = YES;
				CLANG_WARN_OBJC_IMPLICIT_RETAIN_SELF = YES;
				CLANG_WARN_OBJC_LITERAL_CONVERSION = YES;
				CLANG_WARN_OBJC_ROOT_CLASS = YES_ERROR;
				CLANG_WARN_RANGE_LOOP_ANALYSIS = YES;
				CLANG_WARN_STRICT_PROTOTYPES = YES;
				CLANG_WARN_SUSPICIOUS_MOVE = YES;
				CLANG_WARN_UNGUARDED_AVAILABILITY = YES_AGGRESSIVE;
				CLANG_WARN_UNREACHABLE_CODE = YES;
				CLANG_WARN__DUPLICATE_METHOD_MATCH = YES;
				COPY_PHASE_STRIP = NO;
				DEBUG_INFORMATION_FORMAT = dwarf;
				ENABLE_STRICT_OBJC_MSGSEND = YES;
				ENABLE_TESTABILITY = YES;
				GCC_C_LANGUAGE_STANDARD = gnu11;
				GCC_DYNAMIC_NO_PIC = NO;
				GCC_NO_COMMON_BLOCKS = YES;
				GCC_OPTIMIZATION_LEVEL = 0;
				GCC_PREPROCESSOR_DEFINITIONS = (
					"DEBUG=1",
					"$(inherited)",
				);
				GCC_WARN_64_TO_32_BIT_CONVERSION = YES;
				GCC_WARN_ABOUT_RETURN_TYPE = YES_ERROR;
				GCC_WARN_UNDECLARED_SELECTOR = YES;
				GCC_WARN_UNINITIALIZED_AUTOS = YES_AGGRESSIVE;
				GCC_WARN_UNUSED_FUNCTION = YES;
				GCC_WARN_UNUSED_VARIABLE = YES;
				MACOSX_DEPLOYMENT_TARGET = 10.14;
				MTL_ENABLE_DEBUG_INFO = INCLUDE_SOURCE;
				MTL_FAST_MATH = YES;
				ONLY_ACTIVE_ARCH = YES;
				SDKROOT = macosx;
			};
			name = Debug;
		};
		0148D34E259837220012A659 /* Release */ = {
			isa = XCBuildConfiguration;
			buildSettings = {
				ALWAYS_SEARCH_USER_PATHS = NO;
				CLANG_ANALYZER_NONNULL = YES;
				CLANG_ANALYZER_NUMBER_OBJECT_CONVERSION = YES_AGGRESSIVE;
				CLANG_CXX_LANGUAGE_STANDARD = "gnu++14";
				CLANG_CXX_LIBRARY = "libc++";
				CLANG_ENABLE_MODULES = YES;
				CLANG_ENABLE_OBJC_ARC = YES;
				CLANG_ENABLE_OBJC_WEAK = YES;
				CLANG_WARN_BLOCK_CAPTURE_AUTORELEASING = YES;
				CLANG_WARN_BOOL_CONVERSION = YES;
				CLANG_WARN_COMMA = YES;
				CLANG_WARN_CONSTANT_CONVERSION = YES;
				CLANG_WARN_DEPRECATED_OBJC_IMPLEMENTATIONS = YES;
				CLANG_WARN_DIRECT_OBJC_ISA_USAGE = YES_ERROR;
				CLANG_WARN_DOCUMENTATION_COMMENTS = YES;
				CLANG_WARN_EMPTY_BODY = YES;
				CLANG_WARN_ENUM_CONVERSION = YES;
				CLANG_WARN_INFINITE_RECURSION = YES;
				CLANG_WARN_INT_CONVERSION = YES;
				CLANG_WARN_NON_LITERAL_NULL_CONVERSION = YES;
				CLANG_WARN_OBJC_IMPLICIT_RETAIN_SELF = YES;
				CLANG_WARN_OBJC_LITERAL_CONVERSION = YES;
				CLANG_WARN_OBJC_ROOT_CLASS = YES_ERROR;
				CLANG_WARN_RANGE_LOOP_ANALYSIS = YES;
				CLANG_WARN_STRICT_PROTOTYPES = YES;
				CLANG_WARN_SUSPICIOUS_MOVE = YES;
				CLANG_WARN_UNGUARDED_AVAILABILITY = YES_AGGRESSIVE;
				CLANG_WARN_UNREACHABLE_CODE = YES;
				CLANG_WARN__DUPLICATE_METHOD_MATCH = YES;
				COPY_PHASE_STRIP = NO;
				DEBUG_INFORMATION_FORMAT = "dwarf-with-dsym";
				ENABLE_NS_ASSERTIONS = NO;
				ENABLE_STRICT_OBJC_MSGSEND = YES;
				GCC_C_LANGUAGE_STANDARD = gnu11;
				GCC_NO_COMMON_BLOCKS = YES;
				GCC_WARN_64_TO_32_BIT_CONVERSION = YES;
				GCC_WARN_ABOUT_RETURN_TYPE = YES_ERROR;
				GCC_WARN_UNDECLARED_SELECTOR = YES;
				GCC_WARN_UNINITIALIZED_AUTOS = YES_AGGRESSIVE;
				GCC_WARN_UNUSED_FUNCTION = YES;
				GCC_WARN_UNUSED_VARIABLE = YES;
				MACOSX_DEPLOYMENT_TARGET = 10.14;
				MTL_ENABLE_DEBUG_INFO = NO;
				MTL_FAST_MATH = YES;
				SDKROOT = macosx;
			};
			name = Release;
		};
		0148D350259837220012A659 /* Debug */ = {
			isa = XCBuildConfiguration;
			buildSettings = {
				ASSETCATALOG_COMPILER_APPICON_NAME = AppIcon;
				CLANG_ENABLE_OBJC_ARC = YES;
				CLANG_ENABLE_OBJC_WEAK = YES;
				CLANG_WARN_OBJC_IMPLICIT_RETAIN_SELF = YES;
				CLANG_WARN__ARC_BRIDGE_CAST_NONARC = YES;
				CODE_SIGN_STYLE = Manual;
				COMBINE_HIDPI_IMAGES = YES;
				DEVELOPMENT_ASSET_PATHS = "";
				DEVELOPMENT_TEAM = "";
				ENABLE_HARDENED_RUNTIME = NO;
				GCC_NO_COMMON_BLOCKS = NO;
				GCC_WARN_ABOUT_DEPRECATED_FUNCTIONS = YES;
				INFOPLIST_FILE = "Big Hedge/Info.plist";
				LD_RUNPATH_SEARCH_PATHS = (
					"$(inherited)",
					"@executable_path/../Frameworks",
				);
				LIBRARY_SEARCH_PATHS = (
					"$(inherited)",
					"$(PROJECT_DIR)",
				);
				MACOSX_DEPLOYMENT_TARGET = 10.11;
				MARKETING_VERSION = 2.1.0;
				PRODUCT_BUNDLE_IDENTIFIER = me.minhton.bighedge;
				PRODUCT_NAME = "$(TARGET_NAME)";
				PROVISIONING_PROFILE_SPECIFIER = "";
			};
			name = Debug;
		};
		0148D351259837220012A659 /* Release */ = {
			isa = XCBuildConfiguration;
			buildSettings = {
				ASSETCATALOG_COMPILER_APPICON_NAME = AppIcon;
				CLANG_ENABLE_OBJC_ARC = YES;
				CLANG_ENABLE_OBJC_WEAK = YES;
				CLANG_WARN_OBJC_IMPLICIT_RETAIN_SELF = YES;
				CLANG_WARN__ARC_BRIDGE_CAST_NONARC = YES;
				CODE_SIGN_STYLE = Manual;
				COMBINE_HIDPI_IMAGES = YES;
				DEVELOPMENT_ASSET_PATHS = "";
				DEVELOPMENT_TEAM = "";
				ENABLE_HARDENED_RUNTIME = NO;
				GCC_NO_COMMON_BLOCKS = NO;
				GCC_WARN_ABOUT_DEPRECATED_FUNCTIONS = YES;
				INFOPLIST_FILE = "Big Hedge/Info.plist";
				LD_RUNPATH_SEARCH_PATHS = (
					"$(inherited)",
					"@executable_path/../Frameworks",
				);
				LIBRARY_SEARCH_PATHS = (
					"$(inherited)",
					"$(PROJECT_DIR)",
				);
				MACOSX_DEPLOYMENT_TARGET = 10.11;
				MARKETING_VERSION = 2.1.0;
				PRODUCT_BUNDLE_IDENTIFIER = me.minhton.bighedge;
				PRODUCT_NAME = "$(TARGET_NAME)";
				PROVISIONING_PROFILE_SPECIFIER = "";
			};
			name = Release;
		};
		01BC36B0259A8D1A00EB57AB /* Debug */ = {
			isa = XCBuildConfiguration;
			buildSettings = {
				ASSETCATALOG_COMPILER_APPICON_NAME = AppIcon;
				CODE_SIGN_ENTITLEMENTS = PostAutomator/PostAutomator.entitlements;
				CODE_SIGN_STYLE = Manual;
				COMBINE_HIDPI_IMAGES = YES;
				DEVELOPMENT_TEAM = "";
				ENABLE_HARDENED_RUNTIME = NO;
				INFOPLIST_FILE = PostAutomator/Info.plist;
				LD_RUNPATH_SEARCH_PATHS = (
					"$(inherited)",
					"@executable_path/../Frameworks",
				);
				MACOSX_DEPLOYMENT_TARGET = 10.13;
				MARKETING_VERSION = 1.1;
				PRODUCT_BUNDLE_IDENTIFIER = me.minhton.PostAutomator;
				PRODUCT_NAME = "$(TARGET_NAME)";
				PROVISIONING_PROFILE_SPECIFIER = "";
			};
			name = Debug;
		};
		01BC36B1259A8D1A00EB57AB /* Release */ = {
			isa = XCBuildConfiguration;
			buildSettings = {
				ASSETCATALOG_COMPILER_APPICON_NAME = AppIcon;
				CODE_SIGN_ENTITLEMENTS = PostAutomator/PostAutomator.entitlements;
				CODE_SIGN_STYLE = Manual;
				COMBINE_HIDPI_IMAGES = YES;
				DEVELOPMENT_TEAM = "";
				ENABLE_HARDENED_RUNTIME = NO;
				INFOPLIST_FILE = PostAutomator/Info.plist;
				LD_RUNPATH_SEARCH_PATHS = (
					"$(inherited)",
					"@executable_path/../Frameworks",
				);
				MACOSX_DEPLOYMENT_TARGET = 10.13;
				MARKETING_VERSION = 1.1;
				PRODUCT_BUNDLE_IDENTIFIER = me.minhton.PostAutomator;
				PRODUCT_NAME = "$(TARGET_NAME)";
				PROVISIONING_PROFILE_SPECIFIER = "";
			};
			name = Release;
		};
/* End XCBuildConfiguration section */

/* Begin XCConfigurationList section */
		0148D3392598371E0012A659 /* Build configuration list for PBXProject "Big Hedge" */ = {
			isa = XCConfigurationList;
			buildConfigurations = (
				0148D34D259837220012A659 /* Debug */,
				0148D34E259837220012A659 /* Release */,
			);
			defaultConfigurationIsVisible = 0;
			defaultConfigurationName = Release;
		};
		0148D34F259837220012A659 /* Build configuration list for PBXNativeTarget "Big Hedge" */ = {
			isa = XCConfigurationList;
			buildConfigurations = (
				0148D350259837220012A659 /* Debug */,
				0148D351259837220012A659 /* Release */,
			);
			defaultConfigurationIsVisible = 0;
			defaultConfigurationName = Release;
		};
		01BC36B2259A8D1A00EB57AB /* Build configuration list for PBXNativeTarget "PostAutomator" */ = {
			isa = XCConfigurationList;
			buildConfigurations = (
				01BC36B0259A8D1A00EB57AB /* Debug */,
				01BC36B1259A8D1A00EB57AB /* Release */,
			);
			defaultConfigurationIsVisible = 0;
			defaultConfigurationName = Release;
		};
/* End XCConfigurationList section */
	};
	rootObject = 0148D3362598371E0012A659 /* Project object */;
}
